{
  "name": "sails-hook-i18n-fragment",
  "version": "1.0.0",
  "lockfileVersion": 1,
  "dependencies": {
    "memory-cache": {
      "version": "0.1.6",
      "resolved": "https://registry.npmjs.org/memory-cache/-/memory-cache-0.1.6.tgz",
      "integrity": "sha1-LtmTPteoxxgkm+c2b3yodJrPiiQ="
    }
  }
}
